{
  "name": "nordpool-influxdb",
  "version": "1.0.0",
  "lockfileVersion": 2,
  "requires": true,
  "packages": {
    "": {
      "name": "nordpool-influxdb",
      "version": "1.0.0",
      "license": "GPL-3.0",
      "dependencies": {
        "influx": "^5.5.1"
      }
    },
    "node_modules/influx": {
      "version": "5.5.1",
      "resolved": "https://registry.npmjs.org/influx/-/influx-5.5.1.tgz",
      "integrity": "sha512-06kWkvKZzdk7ONBi+MydTTVcpziIfzIKcTUqXpK0Uc0KoSVye0umQYDwDPJvMJtBjiS6L2eadXI7YsnNvOxbQw=="
    }
  },
  "dependencies": {
    "influx": {
      "version": "5.5.1",
      "resolved": "https://registry.npmjs.org/influx/-/influx-5.5.1.tgz",
      "integrity": "sha512-06kWkvKZzdk7ONBi+MydTTVcpziIfzIKcTUqXpK0Uc0KoSVye0umQYDwDPJvMJtBjiS6L2eadXI7YsnNvOxbQw=="
    }
  }
}
